// !$*UTF8*$!
{
	archiveVersion = 1;
	classes = {
	};
	objectVersion = 46;
	objects = {

/* Begin PBXBuildFile section */
		ABE99D211C944F4300FF4704 /* AppDelegate.swift in Sources */ = {isa = PBXBuildFile; fileRef = ABE99D201C944F4300FF4704 /* AppDelegate.swift */; };
		ABE99D231C944F4300FF4704 /* ViewController.swift in Sources */ = {isa = PBXBuildFile; fileRef = ABE99D221C944F4300FF4704 /* ViewController.swift */; };
		ABE99D261C944F4300FF4704 /* Main.storyboard in Resources */ = {isa = PBXBuildFile; fileRef = ABE99D241C944F4300FF4704 /* Main.storyboard */; };
		ABE99D281C944F4300FF4704 /* Assets.xcassets in Resources */ = {isa = PBXBuildFile; fileRef = ABE99D271C944F4300FF4704 /* Assets.xcassets */; };
		ABE99D2B1C944F4300FF4704 /* LaunchScreen.storyboard in Resources */ = {isa = PBXBuildFile; fileRef = ABE99D291C944F4300FF4704 /* LaunchScreen.storyboard */; };
		ABE99D341C94509A00FF4704 /* currency.plist in Resources */ = {isa = PBXBuildFile; fileRef = ABE99D331C94509A00FF4704 /* currency.plist */; };
		ABE99D361C94516700FF4704 /* CurrencyTableViewController.swift in Sources */ = {isa = PBXBuildFile; fileRef = ABE99D351C94516700FF4704 /* CurrencyTableViewController.swift */; };
		ABE99D381C945A1500FF4704 /* CurrencyList.swift in Sources */ = {isa = PBXBuildFile; fileRef = ABE99D371C945A1500FF4704 /* CurrencyList.swift */; };
		ABE99D3A1C946E8200FF4704 /* CurrencyModel.swift in Sources */ = {isa = PBXBuildFile; fileRef = ABE99D391C946E8200FF4704 /* CurrencyModel.swift */; };
		ABE99D3C1C94790900FF4704 /* CurrencyTableCell.swift in Sources */ = {isa = PBXBuildFile; fileRef = ABE99D3B1C94790900FF4704 /* CurrencyTableCell.swift */; };
/* End PBXBuildFile section */

/* Begin PBXFileReference section */
		ABE99D1D1C944F4300FF4704 /* CurrencyList.app */ = {isa = PBXFileReference; explicitFileType = wrapper.application; includeInIndex = 0; path = CurrencyList.app; sourceTree = BUILT_PRODUCTS_DIR; };
		ABE99D201C944F4300FF4704 /* AppDelegate.swift */ = {isa = PBXFileReference; lastKnownFileType = sourcecode.swift; path = AppDelegate.swift; sourceTree = "<group>"; };
		ABE99D221C944F4300FF4704 /* ViewController.swift */ = {isa = PBXFileReference; lastKnownFileType = sourcecode.swift; path = ViewController.swift; sourceTree = "<group>"; };
		ABE99D251C944F4300FF4704 /* Base */ = {isa = PBXFileReference; lastKnownFileType = file.storyboard; name = Base; path = Base.lproj/Main.storyboard; sourceTree = "<group>"; };
		ABE99D271C944F4300FF4704 /* Assets.xcassets */ = {isa = PBXFileReference; lastKnownFileType = folder.assetcatalog; path = Assets.xcassets; sourceTree = "<group>"; };
		ABE99D2A1C944F4300FF4704 /* Base */ = {isa = PBXFileReference; lastKnownFileType = file.storyboard; name = Base; path = Base.lproj/LaunchScreen.storyboard; sourceTree = "<group>"; };
		ABE99D2C1C944F4300FF4704 /* Info.plist */ = {isa = PBXFileReference; lastKnownFileType = text.plist.xml; path = Info.plist; sourceTree = "<group>"; };
		ABE99D331C94509A00FF4704 /* currency.plist */ = {isa = PBXFileReference; fileEncoding = 4; lastKnownFileType = text.plist.xml; path = currency.plist; sourceTree = "<group>"; };
		ABE99D351C94516700FF4704 /* CurrencyTableViewController.swift */ = {isa = PBXFileReference; fileEncoding = 4; lastKnownFileType = sourcecode.swift; path = CurrencyTableViewController.swift; sourceTree = "<group>"; };
		ABE99D371C945A1500FF4704 /* CurrencyList.swift */ = {isa = PBXFileReference; fileEncoding = 4; lastKnownFileType = sourcecode.swift; path = CurrencyList.swift; sourceTree = "<group>"; };
		ABE99D391C946E8200FF4704 /* CurrencyModel.swift */ = {isa = PBXFileReference; fileEncoding = 4; lastKnownFileType = sourcecode.swift; path = CurrencyModel.swift; sourceTree = "<group>"; };
		ABE99D3B1C94790900FF4704 /* CurrencyTableCell.swift */ = {isa = PBXFileReference; fileEncoding = 4; lastKnownFileType = sourcecode.swift; path = CurrencyTableCell.swift; sourceTree = "<group>"; };
/* End PBXFileReference section */

/* Begin PBXFrameworksBuildPhase section */
		ABE99D1A1C944F4300FF4704 /* Frameworks */ = {
			isa = PBXFrameworksBuildPhase;
			buildActionMask = 2147483647;
			files = (
			);
			runOnlyForDeploymentPostprocessing = 0;
		};
/* End PBXFrameworksBuildPhase section */

/* Begin PBXGroup section */
		ABE99D141C944F4300FF4704 = {
			isa = PBXGroup;
			children = (
				ABE99D1F1C944F4300FF4704 /* CurrencyList */,
				ABE99D1E1C944F4300FF4704 /* Products */,
			);
			sourceTree = "<group>";
		};
		ABE99D1E1C944F4300FF4704 /* Products */ = {
			isa = PBXGroup;
			children = (
				ABE99D1D1C944F4300FF4704 /* CurrencyList.app */,
			);
			name = Products;
			sourceTree = "<group>";
		};
		ABE99D1F1C944F4300FF4704 /* CurrencyList */ = {
			isa = PBXGroup;
			children = (
				ABE99D201C944F4300FF4704 /* AppDelegate.swift */,
				ABE99D221C944F4300FF4704 /* ViewController.swift */,
				ABE99D351C94516700FF4704 /* CurrencyTableViewController.swift */,
				ABE99D241C944F4300FF4704 /* Main.storyboard */,
				ABE99D271C944F4300FF4704 /* Assets.xcassets */,
				ABE99D291C944F4300FF4704 /* LaunchScreen.storyboard */,
				ABE99D2C1C944F4300FF4704 /* Info.plist */,
				ABE99D331C94509A00FF4704 /* currency.plist */,
				ABE99D371C945A1500FF4704 /* CurrencyList.swift */,
				ABE99D391C946E8200FF4704 /* CurrencyModel.swift */,
				ABE99D3B1C94790900FF4704 /* CurrencyTableCell.swift */,
			);
			path = CurrencyList;
			sourceTree = "<group>";
		};
/* End PBXGroup section */

/* Begin PBXNativeTarget section */
		ABE99D1C1C944F4300FF4704 /* CurrencyList */ = {
			isa = PBXNativeTarget;
			buildConfigurationList = ABE99D2F1C944F4300FF4704 /* Build configuration list for PBXNativeTarget "CurrencyList" */;
			buildPhases = (
				ABE99D191C944F4300FF4704 /* Sources */,
				ABE99D1A1C944F4300FF4704 /* Frameworks */,
				ABE99D1B1C944F4300FF4704 /* Resources */,
			);
			buildRules = (
			);
			dependencies = (
			);
			name = CurrencyList;
			productName = CurrencyList;
			productReference = ABE99D1D1C944F4300FF4704 /* CurrencyList.app */;
			productType = "com.apple.product-type.application";
		};
/* End PBXNativeTarget section */

/* Begin PBXProject section */
		ABE99D151C944F4300FF4704 /* Project object */ = {
			isa = PBXProject;
			attributes = {
				LastSwiftUpdateCheck = 0720;
				LastUpgradeCheck = 0720;
				ORGANIZATIONNAME = "ChangJoo Park";
				TargetAttributes = {
					ABE99D1C1C944F4300FF4704 = {
						CreatedOnToolsVersion = 7.2.1;
						DevelopmentTeam = XM8273ZZM4;
					};
				};
			};
			buildConfigurationList = ABE99D181C944F4300FF4704 /* Build configuration list for PBXProject "CurrencyList" */;
			compatibilityVersion = "Xcode 3.2";
			developmentRegion = English;
			hasScannedForEncodings = 0;
			knownRegions = (
				en,
				Base,
			);
			mainGroup = ABE99D141C944F4300FF4704;
			productRefGroup = ABE99D1E1C944F4300FF4704 /* Products */;
			projectDirPath = "";
			projectRoot = "";
			targets = (
				ABE99D1C1C944F4300FF4704 /* CurrencyList */,
			);
		};
/* End PBXProject section */

/* Begin PBXResourcesBuildPhase section */
		ABE99D1B1C944F4300FF4704 /* Resources */ = {
			isa = PBXResourcesBuildPhase;
			buildActionMask = 2147483647;
			files = (
				ABE99D2B1C944F4300FF4704 /* LaunchScreen.storyboard in Resources */,
				ABE99D281C944F4300FF4704 /* Assets.xcassets in Resources */,
				ABE99D261C944F4300FF4704 /* Main.storyboard in Resources */,
				ABE99D341C94509A00FF4704 /* currency.plist in Resources */,
			);
			runOnlyForDeploymentPostprocessing = 0;
		};
/* End PBXResourcesBuildPhase section */

/* Begin PBXSourcesBuildPhase section */
		ABE99D191C944F4300FF4704 /* Sources */ = {
			isa = PBXSourcesBuildPhase;
			buildActionMask = 2147483647;
			files = (
				ABE99D3A1C946E8200FF4704 /* CurrencyModel.swift in Sources */,
				ABE99D381C945A1500FF4704 /* CurrencyList.swift in Sources */,
				ABE99D361C94516700FF4704 /* CurrencyTableViewController.swift in Sources */,
				ABE99D3C1C94790900FF4704 /* CurrencyTableCell.swift in Sources */,
				ABE99D231C944F4300FF4704 /* ViewController.swift in Sources */,
				ABE99D211C944F4300FF4704 /* AppDelegate.swift in Sources */,
			);
			runOnlyForDeploymentPostprocessing = 0;
		};
/* End PBXSourcesBuildPhase section */

/* Begin PBXVariantGroup section */
		ABE99D241C944F4300FF4704 /* Main.storyboard */ = {
			isa = PBXVariantGroup;
			children = (
				ABE99D251C944F4300FF4704 /* Base */,
			);
			name = Main.storyboard;
			sourceTree = "<group>";
		};
		ABE99D291C944F4300FF4704 /* LaunchScreen.storyboard */ = {
			isa = PBXVariantGroup;
			children = (
				ABE99D2A1C944F4300FF4704 /* Base */,
			);
			name = LaunchScreen.storyboard;
			sourceTree = "<group>";
		};
/* End PBXVariantGroup section */

/* Begin XCBuildConfiguration section */
		ABE99D2D1C944F4300FF4704 /* Debug */ = {
			isa = XCBuildConfiguration;
			buildSettings = {
				ALWAYS_SEARCH_USER_PATHS = NO;
				CLANG_CXX_LANGUAGE_STANDARD = "gnu++0x";
				CLANG_CXX_LIBRARY = "libc++";
				CLANG_ENABLE_MODULES = YES;
				CLANG_ENABLE_OBJC_ARC = YES;
				CLANG_WARN_BOOL_CONVERSION = YES;
				CLANG_WARN_CONSTANT_CONVERSION = YES;
				CLANG_WARN_DIRECT_OBJC_ISA_USAGE = YES_ERROR;
				CLANG_WARN_EMPTY_BODY = YES;
				CLANG_WARN_ENUM_CONVERSION = YES;
				CLANG_WARN_INT_CONVERSION = YES;
				CLANG_WARN_OBJC_ROOT_CLASS = YES_ERROR;
				CLANG_WARN_UNREACHABLE_CODE = YES;
				CLANG_WARN__DUPLICATE_METHOD_MATCH = YES;
				"CODE_SIGN_IDENTITY[sdk=iphoneos*]" = "iPhone Developer";
				COPY_PHASE_STRIP = NO;
				DEBUG_INFORMATION_FORMAT = dwarf;
				ENABLE_STRICT_OBJC_MSGSEND = YES;
				ENABLE_TESTABILITY = YES;
				GCC_C_LANGUAGE_STANDARD = gnu99;
				GCC_DYNAMIC_NO_PIC = NO;
				GCC_NO_COMMON_BLOCKS = YES;
				GCC_OPTIMIZATION_LEVEL = 0;
				GCC_PREPROCESSOR_DEFINITIONS = (
					"DEBUG=1",
					"$(inherited)",
				);
				GCC_WARN_64_TO_32_BIT_CONVERSION = YES;
				GCC_WARN_ABOUT_RETURN_TYPE = YES_ERROR;
				GCC_WARN_UNDECLARED_SELECTOR = YES;
				GCC_WARN_UNINITIALIZED_AUTOS = YES_AGGRESSIVE;
				GCC_WARN_UNUSED_FUNCTION = YES;
				GCC_WARN_UNUSED_VARIABLE = YES;
				IPHONEOS_DEPLOYMENT_TARGET = 9.2;
				MTL_ENABLE_DEBUG_INFO = YES;
				ONLY_ACTIVE_ARCH = YES;
				SDKROOT = iphoneos;
				SWIFT_OPTIMIZATION_LEVEL = "-Onone";
			};
			name = Debug;
		};
		ABE99D2E1C944F4300FF4704 /* Release */ = {
			isa = XCBuildConfiguration;
			buildSettings = {
				ALWAYS_SEARCH_USER_PATHS = NO;
				CLANG_CXX_LANGUAGE_STANDARD = "gnu++0x";
				CLANG_CXX_LIBRARY = "libc++";
				CLANG_ENABLE_MODULES = YES;
				CLANG_ENABLE_OBJC_ARC = YES;
				CLANG_WARN_BOOL_CONVERSION = YES;
				CLANG_WARN_CONSTANT_CONVERSION = YES;
				CLANG_WARN_DIRECT_OBJC_ISA_USAGE = YES_ERROR;
				CLANG_WARN_EMPTY_BODY = YES;
				CLANG_WARN_ENUM_CONVERSION = YES;
				CLANG_WARN_INT_CONVERSION = YES;
				CLANG_WARN_OBJC_ROOT_CLASS = YES_ERROR;
				CLANG_WARN_UNREACHABLE_CODE = YES;
				CLANG_WARN__DUPLICATE_METHOD_MATCH = YES;
				"CODE_SIGN_IDENTITY[sdk=iphoneos*]" = "iPhone Developer";
				COPY_PHASE_STRIP = NO;
				DEBUG_INFORMATION_FORMAT = "dwarf-with-dsym";
				ENABLE_NS_ASSERTIONS = NO;
				ENABLE_STRICT_OBJC_MSGSEND = YES;
				GCC_C_LANGUAGE_STANDARD = gnu99;
				GCC_NO_COMMON_BLOCKS = YES;
				GCC_WARN_64_TO_32_BIT_CONVERSION = YES;
				GCC_WARN_ABOUT_RETURN_TYPE = YES_ERROR;
				GCC_WARN_UNDECLARED_SELECTOR = YES;
				GCC_WARN_UNINITIALIZED_AUTOS = YES_AGGRESSIVE;
				GCC_WARN_UNUSED_FUNCTION = YES;
				GCC_WARN_UNUSED_VARIABLE = YES;
				IPHONEOS_DEPLOYMENT_TARGET = 9.2;
				MTL_ENABLE_DEBUG_INFO = NO;
				SDKROOT = iphoneos;
				VALIDATE_PRODUCT = YES;
			};
			name = Release;
		};
		ABE99D301C944F4300FF4704 /* Debug */ = {
			isa = XCBuildConfiguration;
			buildSettings = {
				ASSETCATALOG_COMPILER_APPICON_NAME = AppIcon;
				CODE_SIGN_IDENTITY = "iPhone Developer";
				"CODE_SIGN_IDENTITY[sdk=iphoneos*]" = "iPhone Developer";
				INFOPLIST_FILE = CurrencyList/Info.plist;
				LD_RUNPATH_SEARCH_PATHS = "$(inherited) @executable_path/Frameworks";
				PRODUCT_BUNDLE_IDENTIFIER = com.currencylist.CurrencyList;
				PRODUCT_NAME = "$(TARGET_NAME)";
				PROVISIONING_PROFILE = "";
			};
			name = Debug;
		};
		ABE99D311C944F4300FF4704 /* Release */ = {
			isa = XCBuildConfiguration;
			buildSettings = {
				ASSETCATALOG_COMPILER_APPICON_NAME = AppIcon;
				CODE_SIGN_IDENTITY = "iPhone Developer";
				"CODE_SIGN_IDENTITY[sdk=iphoneos*]" = "iPhone Developer";
				INFOPLIST_FILE = CurrencyList/Info.plist;
				LD_RUNPATH_SEARCH_PATHS = "$(inherited) @executable_path/Frameworks";
				PRODUCT_BUNDLE_IDENTIFIER = com.currencylist.CurrencyList;
				PRODUCT_NAME = "$(TARGET_NAME)";
				PROVISIONING_PROFILE = "";
			};
			name = Release;
		};
/* End XCBuildConfiguration section */

/* Begin XCConfigurationList section */
		ABE99D181C944F4300FF4704 /* Build configuration list for PBXProject "CurrencyList" */ = {
			isa = XCConfigurationList;
			buildConfigurations = (
				ABE99D2D1C944F4300FF4704 /* Debug */,
				ABE99D2E1C944F4300FF4704 /* Release */,
			);
			defaultConfigurationIsVisible = 0;
			defaultConfigurationName = Release;
		};
		ABE99D2F1C944F4300FF4704 /* Build configuration list for PBXNativeTarget "CurrencyList" */ = {
			isa = XCConfigurationList;
			buildConfigurations = (
				ABE99D301C944F4300FF4704 /* Debug */,
				ABE99D311C944F4300FF4704 /* Release */,
			);
			defaultConfigurationIsVisible = 0;
		};
/* End XCConfigurationList section */
	};
	rootObject = ABE99D151C944F4300FF4704 /* Project object */;
}
